data.yandex_compute_image.ubuntu: Reading...
data.yandex_compute_image.ubuntu: Read complete after 8s [id=fd8kdq6d0p8sij7h5qe3]

Terraform used the selected providers to generate the following execution
plan. Resource actions are indicated with the following symbols:
  + create

Terraform will perform the following actions:

  # yandex_compute_instance.vm[0] will be created
  + resource "yandex_compute_instance" "vm" {
      + created_at                = (known after apply)
      + description               = "Srv-cnt-prod-00"
      + folder_id                 = (known after apply)
      + fqdn                      = (known after apply)
      + hostname                  = "srv-cnt-00.local"
      + id                        = (known after apply)
      + metadata                  = {
          + "ssh-keys" = <<-EOT
                ubuntu:ssh-rsa AAAAB3NzaC1yc2EAAAADAQABAAABgQC3XD7uasY21QfLnb0CJd9heihglS0kQ3z5n4aYUnH/avBmcaVFEq6m2O1r2Hbk2/KTUEP/+FJ+70UvP+UPix9lGLQvAn6BKRLBz2bRSuqF5KohpslRauD+wuAxxnXVZPeCx5fPurYijrMCNqDaWxf36hb+Q5FNpEB6xcnGfNi+XsTOdyPmTu4LmIEdbC7/bAHtTdlGN+n6ToTjP9Auif6FUAQrSlCj8zWwJJUaD8ik4Yfrr5TZrx0KaWTVR3orbz6uFqrlMkIMHuscymh4NW7SZczAAunDDWugJeco36izRxv6TE717ox9aMgG+tdx3ON6luORk6cFLD2TtOVg0lDpXxM5B7xDLrz81BilLZObzs9qf9KJq7/aKMx9ipQ2LE1zMV77+owsneiFYrvZCtqfI03BdUIa6tZ1Qz0jYSNGFfo3T3OSZW31SKU876IOmKkmFnvbn1vGQS56eGs8+DV1OloJn6GY8BAO99Iy0KiD1O/cyqxJI6zEKZqWiE8Vd/0= aleksturbo@AlksTrbNoute
            EOT
        }
      + name                      = "srv-cnt-00"
      + network_acceleration_type = "standard"
      + platform_id               = "standard-v1"
      + service_account_id        = (known after apply)
      + status                    = (known after apply)
      + zone                      = (known after apply)

      + boot_disk {
          + auto_delete = true
          + device_name = (known after apply)
          + disk_id     = (known after apply)
          + mode        = (known after apply)

          + initialize_params {
              + block_size  = (known after apply)
              + description = (known after apply)
              + image_id    = "fd8kdq6d0p8sij7h5qe3"
              + name        = (known after apply)
              + size        = 20
              + snapshot_id = (known after apply)
              + type        = "network-hdd"
            }
        }

      + network_interface {
          + index              = (known after apply)
          + ip_address         = (known after apply)
          + ipv4               = true
          + ipv6               = false
          + ipv6_address       = (known after apply)
          + mac_address        = (known after apply)
          + nat                = true
          + nat_ip_address     = (known after apply)
          + nat_ip_version     = (known after apply)
          + security_group_ids = (known after apply)
          + subnet_id          = (known after apply)
        }

      + placement_policy {
          + host_affinity_rules = (known after apply)
          + placement_group_id  = (known after apply)
        }

      + resources {
          + core_fraction = 100
          + cores         = 2
          + memory        = 2
        }

      + scheduling_policy {
          + preemptible = (known after apply)
        }
    }

  # yandex_compute_instance.vm[1] will be created
  + resource "yandex_compute_instance" "vm" {
      + created_at                = (known after apply)
      + description               = "Srv-cnt-prod-01"
      + folder_id                 = (known after apply)
      + fqdn                      = (known after apply)
      + hostname                  = "srv-cnt-01.local"
      + id                        = (known after apply)
      + metadata                  = {
          + "ssh-keys" = <<-EOT
                ubuntu:ssh-rsa AAAAB3NzaC1yc2EAAAADAQABAAABgQC3XD7uasY21QfLnb0CJd9heihglS0kQ3z5n4aYUnH/avBmcaVFEq6m2O1r2Hbk2/KTUEP/+FJ+70UvP+UPix9lGLQvAn6BKRLBz2bRSuqF5KohpslRauD+wuAxxnXVZPeCx5fPurYijrMCNqDaWxf36hb+Q5FNpEB6xcnGfNi+XsTOdyPmTu4LmIEdbC7/bAHtTdlGN+n6ToTjP9Auif6FUAQrSlCj8zWwJJUaD8ik4Yfrr5TZrx0KaWTVR3orbz6uFqrlMkIMHuscymh4NW7SZczAAunDDWugJeco36izRxv6TE717ox9aMgG+tdx3ON6luORk6cFLD2TtOVg0lDpXxM5B7xDLrz81BilLZObzs9qf9KJq7/aKMx9ipQ2LE1zMV77+owsneiFYrvZCtqfI03BdUIa6tZ1Qz0jYSNGFfo3T3OSZW31SKU876IOmKkmFnvbn1vGQS56eGs8+DV1OloJn6GY8BAO99Iy0KiD1O/cyqxJI6zEKZqWiE8Vd/0= aleksturbo@AlksTrbNoute
            EOT
        }
      + name                      = "srv-cnt-01"
      + network_acceleration_type = "standard"
      + platform_id               = "standard-v1"
      + service_account_id        = (known after apply)
      + status                    = (known after apply)
      + zone                      = (known after apply)

      + boot_disk {
          + auto_delete = true
          + device_name = (known after apply)
          + disk_id     = (known after apply)
          + mode        = (known after apply)

          + initialize_params {
              + block_size  = (known after apply)
              + description = (known after apply)
              + image_id    = "fd8kdq6d0p8sij7h5qe3"
              + name        = (known after apply)
              + size        = 20
              + snapshot_id = (known after apply)
              + type        = "network-hdd"
            }
        }

      + network_interface {
          + index              = (known after apply)
          + ip_address         = (known after apply)
          + ipv4               = true
          + ipv6               = false
          + ipv6_address       = (known after apply)
          + mac_address        = (known after apply)
          + nat                = true
          + nat_ip_address     = (known after apply)
          + nat_ip_version     = (known after apply)
          + security_group_ids = (known after apply)
          + subnet_id          = (known after apply)
        }

      + placement_policy {
          + host_affinity_rules = (known after apply)
          + placement_group_id  = (known after apply)
        }

      + resources {
          + core_fraction = 100
          + cores         = 2
          + memory        = 2
        }

      + scheduling_policy {
          + preemptible = (known after apply)
        }
    }

  # yandex_compute_instance.vm-ech["node_1"] will be created
  + resource "yandex_compute_instance" "vm-ech" {
      + created_at                = (known after apply)
      + description               = "Srv-prod-each-00"
      + folder_id                 = (known after apply)
      + fqdn                      = (known after apply)
      + hostname                  = "each-00.local"
      + id                        = (known after apply)
      + metadata                  = {
          + "ssh-keys" = <<-EOT
                ubuntu:ssh-rsa AAAAB3NzaC1yc2EAAAADAQABAAABgQC3XD7uasY21QfLnb0CJd9heihglS0kQ3z5n4aYUnH/avBmcaVFEq6m2O1r2Hbk2/KTUEP/+FJ+70UvP+UPix9lGLQvAn6BKRLBz2bRSuqF5KohpslRauD+wuAxxnXVZPeCx5fPurYijrMCNqDaWxf36hb+Q5FNpEB6xcnGfNi+XsTOdyPmTu4LmIEdbC7/bAHtTdlGN+n6ToTjP9Auif6FUAQrSlCj8zWwJJUaD8ik4Yfrr5TZrx0KaWTVR3orbz6uFqrlMkIMHuscymh4NW7SZczAAunDDWugJeco36izRxv6TE717ox9aMgG+tdx3ON6luORk6cFLD2TtOVg0lDpXxM5B7xDLrz81BilLZObzs9qf9KJq7/aKMx9ipQ2LE1zMV77+owsneiFYrvZCtqfI03BdUIa6tZ1Qz0jYSNGFfo3T3OSZW31SKU876IOmKkmFnvbn1vGQS56eGs8+DV1OloJn6GY8BAO99Iy0KiD1O/cyqxJI6zEKZqWiE8Vd/0= aleksturbo@AlksTrbNoute
            EOT
        }
      + name                      = "srv-each-00"
      + network_acceleration_type = "standard"
      + platform_id               = "standard-v1"
      + service_account_id        = (known after apply)
      + status                    = (known after apply)
      + zone                      = (known after apply)

      + boot_disk {
          + auto_delete = true
          + device_name = (known after apply)
          + disk_id     = (known after apply)
          + mode        = (known after apply)

          + initialize_params {
              + block_size  = (known after apply)
              + description = (known after apply)
              + image_id    = "fd8kdq6d0p8sij7h5qe3"
              + name        = (known after apply)
              + size        = 20
              + snapshot_id = (known after apply)
              + type        = "network-hdd"
            }
        }

      + network_interface {
          + index              = (known after apply)
          + ip_address         = (known after apply)
          + ipv4               = true
          + ipv6               = false
          + ipv6_address       = (known after apply)
          + mac_address        = (known after apply)
          + nat                = true
          + nat_ip_address     = (known after apply)
          + nat_ip_version     = (known after apply)
          + security_group_ids = (known after apply)
          + subnet_id          = (known after apply)
        }

      + placement_policy {
          + host_affinity_rules = (known after apply)
          + placement_group_id  = (known after apply)
        }

      + resources {
          + core_fraction = 100
          + cores         = 2
          + memory        = 2
        }

      + scheduling_policy {
          + preemptible = (known after apply)
        }
    }

  # yandex_compute_instance.vm-ech["node_2"] will be created
  + resource "yandex_compute_instance" "vm-ech" {
      + created_at                = (known after apply)
      + description               = "Srv-prod-each-01"
      + folder_id                 = (known after apply)
      + fqdn                      = (known after apply)
      + hostname                  = "each-01.local"
      + id                        = (known after apply)
      + metadata                  = {
          + "ssh-keys" = <<-EOT
                ubuntu:ssh-rsa AAAAB3NzaC1yc2EAAAADAQABAAABgQC3XD7uasY21QfLnb0CJd9heihglS0kQ3z5n4aYUnH/avBmcaVFEq6m2O1r2Hbk2/KTUEP/+FJ+70UvP+UPix9lGLQvAn6BKRLBz2bRSuqF5KohpslRauD+wuAxxnXVZPeCx5fPurYijrMCNqDaWxf36hb+Q5FNpEB6xcnGfNi+XsTOdyPmTu4LmIEdbC7/bAHtTdlGN+n6ToTjP9Auif6FUAQrSlCj8zWwJJUaD8ik4Yfrr5TZrx0KaWTVR3orbz6uFqrlMkIMHuscymh4NW7SZczAAunDDWugJeco36izRxv6TE717ox9aMgG+tdx3ON6luORk6cFLD2TtOVg0lDpXxM5B7xDLrz81BilLZObzs9qf9KJq7/aKMx9ipQ2LE1zMV77+owsneiFYrvZCtqfI03BdUIa6tZ1Qz0jYSNGFfo3T3OSZW31SKU876IOmKkmFnvbn1vGQS56eGs8+DV1OloJn6GY8BAO99Iy0KiD1O/cyqxJI6zEKZqWiE8Vd/0= aleksturbo@AlksTrbNoute
            EOT
        }
      + name                      = "srv-each-01"
      + network_acceleration_type = "standard"
      + platform_id               = "standard-v2"
      + service_account_id        = (known after apply)
      + status                    = (known after apply)
      + zone                      = (known after apply)

      + boot_disk {
          + auto_delete = true
          + device_name = (known after apply)
          + disk_id     = (known after apply)
          + mode        = (known after apply)

          + initialize_params {
              + block_size  = (known after apply)
              + description = (known after apply)
              + image_id    = "fd8kdq6d0p8sij7h5qe3"
              + name        = (known after apply)
              + size        = 20
              + snapshot_id = (known after apply)
              + type        = "network-hdd"
            }
        }

      + network_interface {
          + index              = (known after apply)
          + ip_address         = (known after apply)
          + ipv4               = true
          + ipv6               = false
          + ipv6_address       = (known after apply)
          + mac_address        = (known after apply)
          + nat                = true
          + nat_ip_address     = (known after apply)
          + nat_ip_version     = (known after apply)
          + security_group_ids = (known after apply)
          + subnet_id          = (known after apply)
        }

      + placement_policy {
          + host_affinity_rules = (known after apply)
          + placement_group_id  = (known after apply)
        }

      + resources {
          + core_fraction = 100
          + cores         = 2
          + memory        = 2
        }

      + scheduling_policy {
          + preemptible = (known after apply)
        }
    }

  # yandex_vpc_network.net will be created
  + resource "yandex_vpc_network" "net" {
      + created_at                = (known after apply)
      + default_security_group_id = (known after apply)
      + folder_id                 = (known after apply)
      + id                        = (known after apply)
      + labels                    = (known after apply)
      + name                      = "net"
      + subnet_ids                = (known after apply)
    }

  # yandex_vpc_subnet.subnet will be created
  + resource "yandex_vpc_subnet" "subnet" {
      + created_at     = (known after apply)
      + folder_id      = (known after apply)
      + id             = (known after apply)
      + labels         = (known after apply)
      + name           = "subnet"
      + network_id     = (known after apply)
      + v4_cidr_blocks = [
          + "10.2.0.0/16",
        ]
      + v6_cidr_blocks = (known after apply)
      + zone           = "ru-central1-a"
    }

Plan: 6 to add, 0 to change, 0 to destroy.

Changes to Outputs:
  + internal_ip_address_vm = [
      + (known after apply),
      + (known after apply),
    ]
  + yandex_vpc_subnet      = (known after apply)

─────────────────────────────────────────────────────────────────────────────

Note: You didn't use the -out option to save this plan, so Terraform can't
guarantee to take exactly these actions if you run "terraform apply" now.
